{
  "name": "react-scaffold-p5",
  "version": "0.1.0",
  "lockfileVersion": 2,
  "requires": true,
  "packages": {
    "": {
      "name": "react-scaffold-p5",
      "version": "0.1.0",
      "devDependencies": {
        "@types/p5": "^1.4.3"
      }
    },
    "node_modules/@types/p5": {
      "version": "1.5.0",
      "resolved": "https://registry.npmmirror.com/@types/p5/-/p5-1.5.0.tgz",
      "integrity": "sha512-EhaRGjqGcv5lKWvBUfC4Oxi2J5T1C1HuoQnJCdxJJMrRf+HTVdh7hCgBo88nHe6LbUXxkrxVj9tc1zOuemefFA==",
      "dev": true
    }
  },
  "dependencies": {
    "@types/p5": {
      "version": "1.5.0",
      "resolved": "https://registry.npmmirror.com/@types/p5/-/p5-1.5.0.tgz",
      "integrity": "sha512-EhaRGjqGcv5lKWvBUfC4Oxi2J5T1C1HuoQnJCdxJJMrRf+HTVdh7hCgBo88nHe6LbUXxkrxVj9tc1zOuemefFA==",
      "dev": true
    }
  }
}
